# This file is automatically @generated by Cargo.
# It is not intended for manual editing.
version = 4

[[package]]
name = "gitsail-application"
version = "0.0.0"
dependencies = [
 "gitsail-domain",
]

[[package]]
name = "gitsail-cli"
version = "0.0.0"
dependencies = [
 "gitsail-application",
 "gitsail-domain",
 "gitsail-git",
 "gitsail-protocol",
]

[[package]]
name = "gitsail-domain"
version = "0.0.0"

[[package]]
name = "gitsail-git"
version = "0.0.0"
dependencies = [
 "gitsail-application",
 "gitsail-domain",
]

[[package]]
name = "gitsail-protocol"
version = "0.0.0"

[[package]]
name = "gitsail-tui"
version = "0.0.0"
dependencies = [
 "gitsail-application",
 "gitsail-domain",
 "gitsail-git",
]
